
Microsoft Visual Studio Solution File, Format Version 12.00
# Visual Studio Version 17
VisualStudioVersion = 17.7.34024.191
MinimumVisualStudioVersion = 10.0.40219.1
Project("{9A19103F-16F7-4668-BE54-9A1E7A4F7556}") = "SignalR.WebAPI", "SignalR.WebAPI\SignalR.WebAPI.csproj", "{2675832C-5EC7-42C6-8C6C-18C80FD249CF}"
EndProject
Project("{9A19103F-16F7-4668-BE54-9A1E7A4F7556}") = "SignalRClientWeb", "SignalRClientWeb\SignalRClientWeb.csproj", "{B0CAC491-03D4-425A-B401-AEADAA88B02C}"
EndProject
Project("{FAE04EC0-301F-11D3-BF4B-00C04F79EFBC}") = "Covid19Chart.API", "Covid19Chart.API\Covid19Chart.API.csproj", "{09FF91A9-F36C-49FA-BBA6-23C6CBE51C97}"
EndProject
Global
	GlobalSection(SolutionConfigurationPlatforms) = preSolution
		Debug|Any CPU = Debug|Any CPU
		Release|Any CPU = Release|Any CPU
	EndGlobalSection
	GlobalSection(ProjectConfigurationPlatforms) = postSolution
		{2675832C-5EC7-42C6-8C6C-18C80FD249CF}.Debug|Any CPU.ActiveCfg = Debug|Any CPU
		{2675832C-5EC7-42C6-8C6C-18C80FD249CF}.Debug|Any CPU.Build.0 = Debug|Any CPU
		{2675832C-5EC7-42C6-8C6C-18C80FD249CF}.Release|Any CPU.ActiveCfg = Release|Any CPU
		{2675832C-5EC7-42C6-8C6C-18C80FD249CF}.Release|Any CPU.Build.0 = Release|Any CPU
		{B0CAC491-03D4-425A-B401-AEADAA88B02C}.Debug|Any CPU.ActiveCfg = Debug|Any CPU
		{B0CAC491-03D4-425A-B401-AEADAA88B02C}.Debug|Any CPU.Build.0 = Debug|Any CPU
		{B0CAC491-03D4-425A-B401-AEADAA88B02C}.Release|Any CPU.ActiveCfg = Release|Any CPU
		{B0CAC491-03D4-425A-B401-AEADAA88B02C}.Release|Any CPU.Build.0 = Release|Any CPU
		{09FF91A9-F36C-49FA-BBA6-23C6CBE51C97}.Debug|Any CPU.ActiveCfg = Debug|Any CPU
		{09FF91A9-F36C-49FA-BBA6-23C6CBE51C97}.Debug|Any CPU.Build.0 = Debug|Any CPU
		{09FF91A9-F36C-49FA-BBA6-23C6CBE51C97}.Release|Any CPU.ActiveCfg = Release|Any CPU
		{09FF91A9-F36C-49FA-BBA6-23C6CBE51C97}.Release|Any CPU.Build.0 = Release|Any CPU
	EndGlobalSection
	GlobalSection(SolutionProperties) = preSolution
		HideSolutionNode = FALSE
	EndGlobalSection
	GlobalSection(ExtensibilityGlobals) = postSolution
		SolutionGuid = {76E5CC6D-A8C2-4723-AA02-8809350FAA70}
	EndGlobalSection
EndGlobal
